
Microsoft Visual Studio Solution File, Format Version 12.00
# Visual Studio 15
VisualStudioVersion = 15.0.27130.2027
MinimumVisualStudioVersion = 10.0.40219.1
Project("{9A19103F-16F7-4668-BE54-9A1E7A4F7556}") = "Node.Core", "Node.Core\Node.Core.csproj", "{BCF28A90-E73B-405B-AFFF-DF8D25E2A2D5}"
EndProject
Project("{9A19103F-16F7-4668-BE54-9A1E7A4F7556}") = "Node.CLI", "Node.CLI\Node.CLI.csproj", "{63BAAFAB-715E-4BC0-82E1-6B929D12BB6A}"
EndProject
Project("{9A19103F-16F7-4668-BE54-9A1E7A4F7556}") = "Wallet", "Wallet\Wallet.csproj", "{6E8DECDA-2132-4DE2-90CB-914BB88EB91E}"
EndProject
Project("{9A19103F-16F7-4668-BE54-9A1E7A4F7556}") = "Node.Core.Crypto", "Node.Core.Utils\Node.Core.Crypto.csproj", "{CC08591D-91E6-4DBC-94AF-16270C0C8642}"
EndProject
Project("{9A19103F-16F7-4668-BE54-9A1E7A4F7556}") = "Node.Requests", "Node.Requests\Node.Requests.csproj", "{1595ED25-A564-49EB-8ED4-BD0664C9B17B}"
EndProject
Project("{9A19103F-16F7-4668-BE54-9A1E7A4F7556}") = "Minner", "Minner\Minner.csproj", "{B036017F-65F3-4DA3-95A0-FC842F375A7F}"
EndProject
Project("{FAE04EC0-301F-11D3-BF4B-00C04F79EFBC}") = "Explorer", "Explorer\Explorer.csproj", "{530AE7EB-42DD-40AA-AC68-3E8948424D52}"
EndProject
Global
	GlobalSection(SolutionConfigurationPlatforms) = preSolution
		Debug|Any CPU = Debug|Any CPU
		Release|Any CPU = Release|Any CPU
	EndGlobalSection
	GlobalSection(ProjectConfigurationPlatforms) = postSolution
		{BCF28A90-E73B-405B-AFFF-DF8D25E2A2D5}.Debug|Any CPU.ActiveCfg = Debug|Any CPU
		{BCF28A90-E73B-405B-AFFF-DF8D25E2A2D5}.Debug|Any CPU.Build.0 = Debug|Any CPU
		{BCF28A90-E73B-405B-AFFF-DF8D25E2A2D5}.Release|Any CPU.ActiveCfg = Release|Any CPU
		{BCF28A90-E73B-405B-AFFF-DF8D25E2A2D5}.Release|Any CPU.Build.0 = Release|Any CPU
		{63BAAFAB-715E-4BC0-82E1-6B929D12BB6A}.Debug|Any CPU.ActiveCfg = Debug|Any CPU
		{63BAAFAB-715E-4BC0-82E1-6B929D12BB6A}.Debug|Any CPU.Build.0 = Debug|Any CPU
		{63BAAFAB-715E-4BC0-82E1-6B929D12BB6A}.Release|Any CPU.ActiveCfg = Release|Any CPU
		{63BAAFAB-715E-4BC0-82E1-6B929D12BB6A}.Release|Any CPU.Build.0 = Release|Any CPU
		{6E8DECDA-2132-4DE2-90CB-914BB88EB91E}.Debug|Any CPU.ActiveCfg = Debug|Any CPU
		{6E8DECDA-2132-4DE2-90CB-914BB88EB91E}.Debug|Any CPU.Build.0 = Debug|Any CPU
		{6E8DECDA-2132-4DE2-90CB-914BB88EB91E}.Release|Any CPU.ActiveCfg = Release|Any CPU
		{6E8DECDA-2132-4DE2-90CB-914BB88EB91E}.Release|Any CPU.Build.0 = Release|Any CPU
		{CC08591D-91E6-4DBC-94AF-16270C0C8642}.Debug|Any CPU.ActiveCfg = Debug|Any CPU
		{CC08591D-91E6-4DBC-94AF-16270C0C8642}.Debug|Any CPU.Build.0 = Debug|Any CPU
		{CC08591D-91E6-4DBC-94AF-16270C0C8642}.Release|Any CPU.ActiveCfg = Release|Any CPU
		{CC08591D-91E6-4DBC-94AF-16270C0C8642}.Release|Any CPU.Build.0 = Release|Any CPU
		{1595ED25-A564-49EB-8ED4-BD0664C9B17B}.Debug|Any CPU.ActiveCfg = Debug|Any CPU
		{1595ED25-A564-49EB-8ED4-BD0664C9B17B}.Debug|Any CPU.Build.0 = Debug|Any CPU
		{1595ED25-A564-49EB-8ED4-BD0664C9B17B}.Release|Any CPU.ActiveCfg = Release|Any CPU
		{1595ED25-A564-49EB-8ED4-BD0664C9B17B}.Release|Any CPU.Build.0 = Release|Any CPU
		{B036017F-65F3-4DA3-95A0-FC842F375A7F}.Debug|Any CPU.ActiveCfg = Debug|Any CPU
		{B036017F-65F3-4DA3-95A0-FC842F375A7F}.Debug|Any CPU.Build.0 = Debug|Any CPU
		{B036017F-65F3-4DA3-95A0-FC842F375A7F}.Release|Any CPU.ActiveCfg = Release|Any CPU
		{B036017F-65F3-4DA3-95A0-FC842F375A7F}.Release|Any CPU.Build.0 = Release|Any CPU
		{530AE7EB-42DD-40AA-AC68-3E8948424D52}.Debug|Any CPU.ActiveCfg = Debug|Any CPU
		{530AE7EB-42DD-40AA-AC68-3E8948424D52}.Debug|Any CPU.Build.0 = Debug|Any CPU
		{530AE7EB-42DD-40AA-AC68-3E8948424D52}.Release|Any CPU.ActiveCfg = Release|Any CPU
		{530AE7EB-42DD-40AA-AC68-3E8948424D52}.Release|Any CPU.Build.0 = Release|Any CPU
	EndGlobalSection
	GlobalSection(SolutionProperties) = preSolution
		HideSolutionNode = FALSE
	EndGlobalSection
	GlobalSection(ExtensibilityGlobals) = postSolution
		SolutionGuid = {8F446D33-FD84-4A94-8599-4722BA16D42A}
	EndGlobalSection
EndGlobal
